// !$*UTF8*$!
{
	archiveVersion = 1;
	classes = {
	};
	objectVersion = 56;
	objects = {

/* Begin PBXBuildFile section */
		BF3322E12C2EAF610020AAEA /* AppDelegate.swift in Sources */ = {isa = PBXBuildFile; fileRef = BF3322E02C2EAF610020AAEA /* AppDelegate.swift */; };
		BF3322E52C2EAF610020AAEA /* TestViewController.swift in Sources */ = {isa = PBXBuildFile; fileRef = BF3322E42C2EAF610020AAEA /* TestViewController.swift */; };
		BF3322E82C2EAF610020AAEA /* Main.storyboard in Resources */ = {isa = PBXBuildFile; fileRef = BF3322E62C2EAF610020AAEA /* Main.storyboard */; };
		BF3322EA2C2EAF630020AAEA /* Assets.xcassets in Resources */ = {isa = PBXBuildFile; fileRef = BF3322E92C2EAF630020AAEA /* Assets.xcassets */; };
		BF3322ED2C2EAF630020AAEA /* LaunchScreen.storyboard in Resources */ = {isa = PBXBuildFile; fileRef = BF3322EB2C2EAF630020AAEA /* LaunchScreen.storyboard */; };
		BF7188BA2C33AAC800CA4942 /* SplashViewController.swift in Sources */ = {isa = PBXBuildFile; fileRef = BF7188B92C33AAC800CA4942 /* SplashViewController.swift */; };
		BF7188BE2C33AB9D00CA4942 /* UIColor+.swift in Sources */ = {isa = PBXBuildFile; fileRef = BF7188BD2C33AB9D00CA4942 /* UIColor+.swift */; };
		BFBA0C402C33B0B400EBFB13 /* vieWalker_splash.mp4 in Resources */ = {isa = PBXBuildFile; fileRef = BF7188B62C33A9F700CA4942 /* vieWalker_splash.mp4 */; };
		BFBA0C422C33B26800EBFB13 /* UIViewController+.swift in Sources */ = {isa = PBXBuildFile; fileRef = BFBA0C412C33B26800EBFB13 /* UIViewController+.swift */; };
		EDD5B607596E28BFCA5FFEC4 /* Pods_VN_Walker.framework in Frameworks */ = {isa = PBXBuildFile; fileRef = 10CF6B791B30954CB88E34FF /* Pods_VN_Walker.framework */; };
/* End PBXBuildFile section */

/* Begin PBXFileReference section */
		10CF6B791B30954CB88E34FF /* Pods_VN_Walker.framework */ = {isa = PBXFileReference; explicitFileType = wrapper.framework; includeInIndex = 0; path = Pods_VN_Walker.framework; sourceTree = BUILT_PRODUCTS_DIR; };
		94E0DB55EBC4A43FEF5EAB3B /* Pods-VN-Walker.release.xcconfig */ = {isa = PBXFileReference; includeInIndex = 1; lastKnownFileType = text.xcconfig; name = "Pods-VN-Walker.release.xcconfig"; path = "Target Support Files/Pods-VN-Walker/Pods-VN-Walker.release.xcconfig"; sourceTree = "<group>"; };
		96AA8F581518389A1496FD82 /* Pods-VN-Walker.debug.xcconfig */ = {isa = PBXFileReference; includeInIndex = 1; lastKnownFileType = text.xcconfig; name = "Pods-VN-Walker.debug.xcconfig"; path = "Target Support Files/Pods-VN-Walker/Pods-VN-Walker.debug.xcconfig"; sourceTree = "<group>"; };
		BF3322DD2C2EAF600020AAEA /* VN-Walker.app */ = {isa = PBXFileReference; explicitFileType = wrapper.application; includeInIndex = 0; path = "VN-Walker.app"; sourceTree = BUILT_PRODUCTS_DIR; };
		BF3322E02C2EAF610020AAEA /* AppDelegate.swift */ = {isa = PBXFileReference; lastKnownFileType = sourcecode.swift; path = AppDelegate.swift; sourceTree = "<group>"; };
		BF3322E42C2EAF610020AAEA /* TestViewController.swift */ = {isa = PBXFileReference; lastKnownFileType = sourcecode.swift; path = TestViewController.swift; sourceTree = "<group>"; };
		BF3322E72C2EAF610020AAEA /* Base */ = {isa = PBXFileReference; lastKnownFileType = file.storyboard; name = Base; path = Base.lproj/Main.storyboard; sourceTree = "<group>"; };
		BF3322E92C2EAF630020AAEA /* Assets.xcassets */ = {isa = PBXFileReference; lastKnownFileType = folder.assetcatalog; path = Assets.xcassets; sourceTree = "<group>"; };
		BF3322EC2C2EAF630020AAEA /* Base */ = {isa = PBXFileReference; lastKnownFileType = file.storyboard; name = Base; path = Base.lproj/LaunchScreen.storyboard; sourceTree = "<group>"; };
		BF3322EE2C2EAF630020AAEA /* Info.plist */ = {isa = PBXFileReference; lastKnownFileType = text.plist.xml; path = Info.plist; sourceTree = "<group>"; };
		BF7188B62C33A9F700CA4942 /* vieWalker_splash.mp4 */ = {isa = PBXFileReference; lastKnownFileType = file; path = vieWalker_splash.mp4; sourceTree = "<group>"; };
		BF7188B92C33AAC800CA4942 /* SplashViewController.swift */ = {isa = PBXFileReference; lastKnownFileType = sourcecode.swift; path = SplashViewController.swift; sourceTree = "<group>"; };
		BF7188BD2C33AB9D00CA4942 /* UIColor+.swift */ = {isa = PBXFileReference; lastKnownFileType = sourcecode.swift; path = "UIColor+.swift"; sourceTree = "<group>"; };
		BFBA0C412C33B26800EBFB13 /* UIViewController+.swift */ = {isa = PBXFileReference; lastKnownFileType = sourcecode.swift; path = "UIViewController+.swift"; sourceTree = "<group>"; };
/* End PBXFileReference section */

/* Begin PBXFrameworksBuildPhase section */
		BF3322DA2C2EAF600020AAEA /* Frameworks */ = {
			isa = PBXFrameworksBuildPhase;
			buildActionMask = 2147483647;
			files = (
				EDD5B607596E28BFCA5FFEC4 /* Pods_VN_Walker.framework in Frameworks */,
			);
			runOnlyForDeploymentPostprocessing = 0;
		};
/* End PBXFrameworksBuildPhase section */

/* Begin PBXGroup section */
		180259069BA940D2CFD64DBD /* Pods */ = {
			isa = PBXGroup;
			children = (
				96AA8F581518389A1496FD82 /* Pods-VN-Walker.debug.xcconfig */,
				94E0DB55EBC4A43FEF5EAB3B /* Pods-VN-Walker.release.xcconfig */,
			);
			name = Pods;
			path = Pods;
			sourceTree = "<group>";
		};
		5F1838BEDD7F3502D2A67D5E /* Frameworks */ = {
			isa = PBXGroup;
			children = (
				10CF6B791B30954CB88E34FF /* Pods_VN_Walker.framework */,
			);
			name = Frameworks;
			sourceTree = "<group>";
		};
		BF3322D42C2EAF600020AAEA = {
			isa = PBXGroup;
			children = (
				BF3322DF2C2EAF610020AAEA /* VN-Walker */,
				BF3322DE2C2EAF600020AAEA /* Products */,
				180259069BA940D2CFD64DBD /* Pods */,
				5F1838BEDD7F3502D2A67D5E /* Frameworks */,
			);
			sourceTree = "<group>";
		};
		BF3322DE2C2EAF600020AAEA /* Products */ = {
			isa = PBXGroup;
			children = (
				BF3322DD2C2EAF600020AAEA /* VN-Walker.app */,
			);
			name = Products;
			sourceTree = "<group>";
		};
		BF3322DF2C2EAF610020AAEA /* VN-Walker */ = {
			isa = PBXGroup;
			children = (
				BF7188BB2C33AB8400CA4942 /* Ultilities */,
				BF7188B72C33AA9F00CA4942 /* Scene */,
				BF7188B32C33A9BA00CA4942 /* Resource */,
				BF3322E02C2EAF610020AAEA /* AppDelegate.swift */,
				BF3322E42C2EAF610020AAEA /* TestViewController.swift */,
				BF3322E62C2EAF610020AAEA /* Main.storyboard */,
				BF3322EB2C2EAF630020AAEA /* LaunchScreen.storyboard */,
			);
			path = "VN-Walker";
			sourceTree = "<group>";
		};
		BF7188B32C33A9BA00CA4942 /* Resource */ = {
			isa = PBXGroup;
			children = (
				BF7188B52C33A9E900CA4942 /* Assets */,
				BF7188B42C33A9C500CA4942 /* plist */,
			);
			path = Resource;
			sourceTree = "<group>";
		};
		BF7188B42C33A9C500CA4942 /* plist */ = {
			isa = PBXGroup;
			children = (
				BF3322EE2C2EAF630020AAEA /* Info.plist */,
			);
			path = plist;
			sourceTree = "<group>";
		};
		BF7188B52C33A9E900CA4942 /* Assets */ = {
			isa = PBXGroup;
			children = (
				BF7188B62C33A9F700CA4942 /* vieWalker_splash.mp4 */,
				BF3322E92C2EAF630020AAEA /* Assets.xcassets */,
			);
			path = Assets;
			sourceTree = "<group>";
		};
		BF7188B72C33AA9F00CA4942 /* Scene */ = {
			isa = PBXGroup;
			children = (
				BF7188B82C33AAB000CA4942 /* Login scene */,
			);
			path = Scene;
			sourceTree = "<group>";
		};
		BF7188B82C33AAB000CA4942 /* Login scene */ = {
			isa = PBXGroup;
			children = (
				BFA45B152C35040D004F780A /* Login */,
				BF7188B92C33AAC800CA4942 /* SplashViewController.swift */,
			);
			path = "Login scene";
			sourceTree = "<group>";
		};
		BF7188BB2C33AB8400CA4942 /* Ultilities */ = {
			isa = PBXGroup;
			children = (
				BF7188BC2C33AB8B00CA4942 /* Extension */,
			);
			path = Ultilities;
			sourceTree = "<group>";
		};
		BF7188BC2C33AB8B00CA4942 /* Extension */ = {
			isa = PBXGroup;
			children = (
				BF7188BD2C33AB9D00CA4942 /* UIColor+.swift */,
				BFBA0C412C33B26800EBFB13 /* UIViewController+.swift */,
			);
			path = Extension;
			sourceTree = "<group>";
		};
		BFA45B152C35040D004F780A /* Login */ = {
			isa = PBXGroup;
			children = (
			);
			path = Login;
			sourceTree = "<group>";
		};
/* End PBXGroup section */

/* Begin PBXNativeTarget section */
		BF3322DC2C2EAF600020AAEA /* VN-Walker */ = {
			isa = PBXNativeTarget;
			buildConfigurationList = BF3322F12C2EAF630020AAEA /* Build configuration list for PBXNativeTarget "VN-Walker" */;
			buildPhases = (
				75D14323F17BADB049ABDC78 /* [CP] Check Pods Manifest.lock */,
				BF3322D92C2EAF600020AAEA /* Sources */,
				BF3322DA2C2EAF600020AAEA /* Frameworks */,
				BF3322DB2C2EAF600020AAEA /* Resources */,
				BFA45B162C350C62004F780A /* ShellScript */,
			);
			buildRules = (
			);
			dependencies = (
			);
			name = "VN-Walker";
			productName = "VN-Walker";
			productReference = BF3322DD2C2EAF600020AAEA /* VN-Walker.app */;
			productType = "com.apple.product-type.application";
		};
/* End PBXNativeTarget section */

/* Begin PBXProject section */
		BF3322D52C2EAF600020AAEA /* Project object */ = {
			isa = PBXProject;
			attributes = {
				BuildIndependentTargetsInParallel = 1;
				LastSwiftUpdateCheck = 1500;
				LastUpgradeCheck = 1500;
				TargetAttributes = {
					BF3322DC2C2EAF600020AAEA = {
						CreatedOnToolsVersion = 15.0.1;
					};
				};
			};
			buildConfigurationList = BF3322D82C2EAF600020AAEA /* Build configuration list for PBXProject "VN-Walker" */;
			compatibilityVersion = "Xcode 14.0";
			developmentRegion = en;
			hasScannedForEncodings = 0;
			knownRegions = (
				en,
				Base,
			);
			mainGroup = BF3322D42C2EAF600020AAEA;
			productRefGroup = BF3322DE2C2EAF600020AAEA /* Products */;
			projectDirPath = "";
			projectRoot = "";
			targets = (
				BF3322DC2C2EAF600020AAEA /* VN-Walker */,
			);
		};
/* End PBXProject section */

/* Begin PBXResourcesBuildPhase section */
		BF3322DB2C2EAF600020AAEA /* Resources */ = {
			isa = PBXResourcesBuildPhase;
			buildActionMask = 2147483647;
			files = (
				BF3322ED2C2EAF630020AAEA /* LaunchScreen.storyboard in Resources */,
				BF3322EA2C2EAF630020AAEA /* Assets.xcassets in Resources */,
				BF3322E82C2EAF610020AAEA /* Main.storyboard in Resources */,
				BFBA0C402C33B0B400EBFB13 /* vieWalker_splash.mp4 in Resources */,
			);
			runOnlyForDeploymentPostprocessing = 0;
		};
/* End PBXResourcesBuildPhase section */

/* Begin PBXShellScriptBuildPhase section */
		75D14323F17BADB049ABDC78 /* [CP] Check Pods Manifest.lock */ = {
			isa = PBXShellScriptBuildPhase;
			buildActionMask = 2147483647;
			files = (
			);
			inputFileListPaths = (
			);
			inputPaths = (
				"${PODS_PODFILE_DIR_PATH}/Podfile.lock",
				"${PODS_ROOT}/Manifest.lock",
			);
			name = "[CP] Check Pods Manifest.lock";
			outputFileListPaths = (
			);
			outputPaths = (
				"$(DERIVED_FILE_DIR)/Pods-VN-Walker-checkManifestLockResult.txt",
			);
			runOnlyForDeploymentPostprocessing = 0;
			shellPath = /bin/sh;
			shellScript = "diff \"${PODS_PODFILE_DIR_PATH}/Podfile.lock\" \"${PODS_ROOT}/Manifest.lock\" > /dev/null\nif [ $? != 0 ] ; then\n    # print error to STDERR\n    echo \"error: The sandbox is not in sync with the Podfile.lock. Run 'pod install' or update your CocoaPods installation.\" >&2\n    exit 1\nfi\n# This output is used by Xcode 'outputs' to avoid re-running this script phase.\necho \"SUCCESS\" > \"${SCRIPT_OUTPUT_FILE_0}\"\n";
			showEnvVarsInLog = 0;
		};
		BFA45B162C350C62004F780A /* ShellScript */ = {
			isa = PBXShellScriptBuildPhase;
			buildActionMask = 2147483647;
			files = (
			);
			inputFileListPaths = (
			);
			inputPaths = (
			);
			outputFileListPaths = (
			);
			outputPaths = (
			);
			runOnlyForDeploymentPostprocessing = 0;
			shellPath = /bin/sh;
			shellScript = "if which swiftlint >/dev/null; then\nswiftlint\nelse\necho \"warning: SwiftLint not installed, download from https://github.com/realm/SwiftLint\"\nfi\n";
		};
/* End PBXShellScriptBuildPhase section */

/* Begin PBXSourcesBuildPhase section */
		BF3322D92C2EAF600020AAEA /* Sources */ = {
			isa = PBXSourcesBuildPhase;
			buildActionMask = 2147483647;
			files = (
				BF3322E52C2EAF610020AAEA /* TestViewController.swift in Sources */,
				BF7188BE2C33AB9D00CA4942 /* UIColor+.swift in Sources */,
				BFBA0C422C33B26800EBFB13 /* UIViewController+.swift in Sources */,
				BF7188BA2C33AAC800CA4942 /* SplashViewController.swift in Sources */,
				BF3322E12C2EAF610020AAEA /* AppDelegate.swift in Sources */,
			);
			runOnlyForDeploymentPostprocessing = 0;
		};
/* End PBXSourcesBuildPhase section */

/* Begin PBXVariantGroup section */
		BF3322E62C2EAF610020AAEA /* Main.storyboard */ = {
			isa = PBXVariantGroup;
			children = (
				BF3322E72C2EAF610020AAEA /* Base */,
			);
			name = Main.storyboard;
			sourceTree = "<group>";
		};
		BF3322EB2C2EAF630020AAEA /* LaunchScreen.storyboard */ = {
			isa = PBXVariantGroup;
			children = (
				BF3322EC2C2EAF630020AAEA /* Base */,
			);
			name = LaunchScreen.storyboard;
			sourceTree = "<group>";
		};
/* End PBXVariantGroup section */

/* Begin XCBuildConfiguration section */
		BF3322EF2C2EAF630020AAEA /* Debug */ = {
			isa = XCBuildConfiguration;
			buildSettings = {
				ALWAYS_SEARCH_USER_PATHS = NO;
				ASSETCATALOG_COMPILER_GENERATE_SWIFT_ASSET_SYMBOL_EXTENSIONS = YES;
				CLANG_ANALYZER_NONNULL = YES;
				CLANG_ANALYZER_NUMBER_OBJECT_CONVERSION = YES_AGGRESSIVE;
				CLANG_CXX_LANGUAGE_STANDARD = "gnu++20";
				CLANG_ENABLE_MODULES = YES;
				CLANG_ENABLE_OBJC_ARC = YES;
				CLANG_ENABLE_OBJC_WEAK = YES;
				CLANG_WARN_BLOCK_CAPTURE_AUTORELEASING = YES;
				CLANG_WARN_BOOL_CONVERSION = YES;
				CLANG_WARN_COMMA = YES;
				CLANG_WARN_CONSTANT_CONVERSION = YES;
				CLANG_WARN_DEPRECATED_OBJC_IMPLEMENTATIONS = YES;
				CLANG_WARN_DIRECT_OBJC_ISA_USAGE = YES_ERROR;
				CLANG_WARN_DOCUMENTATION_COMMENTS = YES;
				CLANG_WARN_EMPTY_BODY = YES;
				CLANG_WARN_ENUM_CONVERSION = YES;
				CLANG_WARN_INFINITE_RECURSION = YES;
				CLANG_WARN_INT_CONVERSION = YES;
				CLANG_WARN_NON_LITERAL_NULL_CONVERSION = YES;
				CLANG_WARN_OBJC_IMPLICIT_RETAIN_SELF = YES;
				CLANG_WARN_OBJC_LITERAL_CONVERSION = YES;
				CLANG_WARN_OBJC_ROOT_CLASS = YES_ERROR;
				CLANG_WARN_QUOTED_INCLUDE_IN_FRAMEWORK_HEADER = YES;
				CLANG_WARN_RANGE_LOOP_ANALYSIS = YES;
				CLANG_WARN_STRICT_PROTOTYPES = YES;
				CLANG_WARN_SUSPICIOUS_MOVE = YES;
				CLANG_WARN_UNGUARDED_AVAILABILITY = YES_AGGRESSIVE;
				CLANG_WARN_UNREACHABLE_CODE = YES;
				CLANG_WARN__DUPLICATE_METHOD_MATCH = YES;
				COPY_PHASE_STRIP = NO;
				DEBUG_INFORMATION_FORMAT = dwarf;
				ENABLE_STRICT_OBJC_MSGSEND = YES;
				ENABLE_TESTABILITY = YES;
				ENABLE_USER_SCRIPT_SANDBOXING = YES;
				GCC_C_LANGUAGE_STANDARD = gnu17;
				GCC_DYNAMIC_NO_PIC = NO;
				GCC_NO_COMMON_BLOCKS = YES;
				GCC_OPTIMIZATION_LEVEL = 0;
				GCC_PREPROCESSOR_DEFINITIONS = (
					"DEBUG=1",
					"$(inherited)",
				);
				GCC_WARN_64_TO_32_BIT_CONVERSION = YES;
				GCC_WARN_ABOUT_RETURN_TYPE = YES_ERROR;
				GCC_WARN_UNDECLARED_SELECTOR = YES;
				GCC_WARN_UNINITIALIZED_AUTOS = YES_AGGRESSIVE;
				GCC_WARN_UNUSED_FUNCTION = YES;
				GCC_WARN_UNUSED_VARIABLE = YES;
				IPHONEOS_DEPLOYMENT_TARGET = 17.0;
				LOCALIZATION_PREFERS_STRING_CATALOGS = YES;
				MTL_ENABLE_DEBUG_INFO = INCLUDE_SOURCE;
				MTL_FAST_MATH = YES;
				ONLY_ACTIVE_ARCH = YES;
				SDKROOT = iphoneos;
				SWIFT_ACTIVE_COMPILATION_CONDITIONS = "DEBUG $(inherited)";
				SWIFT_OPTIMIZATION_LEVEL = "-Onone";
			};
			name = Debug;
		};
		BF3322F02C2EAF630020AAEA /* Release */ = {
			isa = XCBuildConfiguration;
			buildSettings = {
				ALWAYS_SEARCH_USER_PATHS = NO;
				ASSETCATALOG_COMPILER_GENERATE_SWIFT_ASSET_SYMBOL_EXTENSIONS = YES;
				CLANG_ANALYZER_NONNULL = YES;
				CLANG_ANALYZER_NUMBER_OBJECT_CONVERSION = YES_AGGRESSIVE;
				CLANG_CXX_LANGUAGE_STANDARD = "gnu++20";
				CLANG_ENABLE_MODULES = YES;
				CLANG_ENABLE_OBJC_ARC = YES;
				CLANG_ENABLE_OBJC_WEAK = YES;
				CLANG_WARN_BLOCK_CAPTURE_AUTORELEASING = YES;
				CLANG_WARN_BOOL_CONVERSION = YES;
				CLANG_WARN_COMMA = YES;
				CLANG_WARN_CONSTANT_CONVERSION = YES;
				CLANG_WARN_DEPRECATED_OBJC_IMPLEMENTATIONS = YES;
				CLANG_WARN_DIRECT_OBJC_ISA_USAGE = YES_ERROR;
				CLANG_WARN_DOCUMENTATION_COMMENTS = YES;
				CLANG_WARN_EMPTY_BODY = YES;
				CLANG_WARN_ENUM_CONVERSION = YES;
				CLANG_WARN_INFINITE_RECURSION = YES;
				CLANG_WARN_INT_CONVERSION = YES;
				CLANG_WARN_NON_LITERAL_NULL_CONVERSION = YES;
				CLANG_WARN_OBJC_IMPLICIT_RETAIN_SELF = YES;
				CLANG_WARN_OBJC_LITERAL_CONVERSION = YES;
				CLANG_WARN_OBJC_ROOT_CLASS = YES_ERROR;
				CLANG_WARN_QUOTED_INCLUDE_IN_FRAMEWORK_HEADER = YES;
				CLANG_WARN_RANGE_LOOP_ANALYSIS = YES;
				CLANG_WARN_STRICT_PROTOTYPES = YES;
				CLANG_WARN_SUSPICIOUS_MOVE = YES;
				CLANG_WARN_UNGUARDED_AVAILABILITY = YES_AGGRESSIVE;
				CLANG_WARN_UNREACHABLE_CODE = YES;
				CLANG_WARN__DUPLICATE_METHOD_MATCH = YES;
				COPY_PHASE_STRIP = NO;
				DEBUG_INFORMATION_FORMAT = "dwarf-with-dsym";
				ENABLE_NS_ASSERTIONS = NO;
				ENABLE_STRICT_OBJC_MSGSEND = YES;
				ENABLE_USER_SCRIPT_SANDBOXING = YES;
				GCC_C_LANGUAGE_STANDARD = gnu17;
				GCC_NO_COMMON_BLOCKS = YES;
				GCC_WARN_64_TO_32_BIT_CONVERSION = YES;
				GCC_WARN_ABOUT_RETURN_TYPE = YES_ERROR;
				GCC_WARN_UNDECLARED_SELECTOR = YES;
				GCC_WARN_UNINITIALIZED_AUTOS = YES_AGGRESSIVE;
				GCC_WARN_UNUSED_FUNCTION = YES;
				GCC_WARN_UNUSED_VARIABLE = YES;
				IPHONEOS_DEPLOYMENT_TARGET = 17.0;
				LOCALIZATION_PREFERS_STRING_CATALOGS = YES;
				MTL_ENABLE_DEBUG_INFO = NO;
				MTL_FAST_MATH = YES;
				SDKROOT = iphoneos;
				SWIFT_COMPILATION_MODE = wholemodule;
				VALIDATE_PRODUCT = YES;
			};
			name = Release;
		};
		BF3322F22C2EAF630020AAEA /* Debug */ = {
			isa = XCBuildConfiguration;
			baseConfigurationReference = 96AA8F581518389A1496FD82 /* Pods-VN-Walker.debug.xcconfig */;
			buildSettings = {
				ASSETCATALOG_COMPILER_APPICON_NAME = AppIcon;
				ASSETCATALOG_COMPILER_GLOBAL_ACCENT_COLOR_NAME = AccentColor;
				CODE_SIGN_STYLE = Automatic;
				CURRENT_PROJECT_VERSION = 1;
				DEVELOPMENT_TEAM = X9XK968J5F;
				ENABLE_USER_SCRIPT_SANDBOXING = NO;
				GENERATE_INFOPLIST_FILE = YES;
				INFOPLIST_FILE = "VN-Walker/Resource/plist/Info.plist";
				INFOPLIST_KEY_CFBundleDisplayName = VieWalker;
				INFOPLIST_KEY_LSApplicationCategoryType = "public.app-category.healthcare-fitness";
				INFOPLIST_KEY_UIApplicationSupportsIndirectInputEvents = YES;
				INFOPLIST_KEY_UILaunchStoryboardName = LaunchScreen;
				INFOPLIST_KEY_UIMainStoryboardFile = Main;
				INFOPLIST_KEY_UISupportedInterfaceOrientations = UIInterfaceOrientationPortrait;
				IPHONEOS_DEPLOYMENT_TARGET = 13.0;
				LD_RUNPATH_SEARCH_PATHS = (
					"$(inherited)",
					"@executable_path/Frameworks",
				);
				MARKETING_VERSION = 1.0;
				PRODUCT_BUNDLE_IDENTIFIER = "huydoan.VN-Walker";
				PRODUCT_NAME = "$(TARGET_NAME)";
				SUPPORTED_PLATFORMS = "iphoneos iphonesimulator";
				SUPPORTS_MACCATALYST = NO;
				SUPPORTS_MAC_DESIGNED_FOR_IPHONE_IPAD = NO;
				SWIFT_EMIT_LOC_STRINGS = YES;
				SWIFT_VERSION = 5.0;
				TARGETED_DEVICE_FAMILY = 1;
			};
			name = Debug;
		};
		BF3322F32C2EAF630020AAEA /* Release */ = {
			isa = XCBuildConfiguration;
			baseConfigurationReference = 94E0DB55EBC4A43FEF5EAB3B /* Pods-VN-Walker.release.xcconfig */;
			buildSettings = {
				ASSETCATALOG_COMPILER_APPICON_NAME = AppIcon;
				ASSETCATALOG_COMPILER_GLOBAL_ACCENT_COLOR_NAME = AccentColor;
				CODE_SIGN_STYLE = Automatic;
				CURRENT_PROJECT_VERSION = 1;
				DEVELOPMENT_TEAM = X9XK968J5F;
				ENABLE_USER_SCRIPT_SANDBOXING = NO;
				GENERATE_INFOPLIST_FILE = YES;
				INFOPLIST_FILE = "VN-Walker/Resource/plist/Info.plist";
				INFOPLIST_KEY_CFBundleDisplayName = VieWalker;
				INFOPLIST_KEY_LSApplicationCategoryType = "public.app-category.healthcare-fitness";
				INFOPLIST_KEY_UIApplicationSupportsIndirectInputEvents = YES;
				INFOPLIST_KEY_UILaunchStoryboardName = LaunchScreen;
				INFOPLIST_KEY_UIMainStoryboardFile = Main;
				INFOPLIST_KEY_UISupportedInterfaceOrientations = UIInterfaceOrientationPortrait;
				IPHONEOS_DEPLOYMENT_TARGET = 13.0;
				LD_RUNPATH_SEARCH_PATHS = (
					"$(inherited)",
					"@executable_path/Frameworks",
				);
				MARKETING_VERSION = 1.0;
				PRODUCT_BUNDLE_IDENTIFIER = "huydoan.VN-Walker";
				PRODUCT_NAME = "$(TARGET_NAME)";
				SUPPORTED_PLATFORMS = "iphoneos iphonesimulator";
				SUPPORTS_MACCATALYST = NO;
				SUPPORTS_MAC_DESIGNED_FOR_IPHONE_IPAD = NO;
				SWIFT_EMIT_LOC_STRINGS = YES;
				SWIFT_VERSION = 5.0;
				TARGETED_DEVICE_FAMILY = 1;
			};
			name = Release;
		};
/* End XCBuildConfiguration section */

/* Begin XCConfigurationList section */
		BF3322D82C2EAF600020AAEA /* Build configuration list for PBXProject "VN-Walker" */ = {
			isa = XCConfigurationList;
			buildConfigurations = (
				BF3322EF2C2EAF630020AAEA /* Debug */,
				BF3322F02C2EAF630020AAEA /* Release */,
			);
			defaultConfigurationIsVisible = 0;
			defaultConfigurationName = Release;
		};
		BF3322F12C2EAF630020AAEA /* Build configuration list for PBXNativeTarget "VN-Walker" */ = {
			isa = XCConfigurationList;
			buildConfigurations = (
				BF3322F22C2EAF630020AAEA /* Debug */,
				BF3322F32C2EAF630020AAEA /* Release */,
			);
			defaultConfigurationIsVisible = 0;
			defaultConfigurationName = Release;
		};
/* End XCConfigurationList section */
	};
	rootObject = BF3322D52C2EAF600020AAEA /* Project object */;
}
